
Microsoft Visual Studio Solution File, Format Version 12.00
# Visual Studio 15
VisualStudioVersion = 15.0.27004.2006
MinimumVisualStudioVersion = 10.0.40219.1
Project("{FAE04EC0-301F-11D3-BF4B-00C04F79EFBC}") = "TechnicalService.WebMVC.UI", "TechnicalService.WebMVC.UI\TechnicalService.WebMVC.UI.csproj", "{19F3262E-29BF-4A7B-AD16-E4CAA64408A0}"
EndProject
Project("{FAE04EC0-301F-11D3-BF4B-00C04F79EFBC}") = "TechnicalService.DAL", "TechnicalService.DAL\TechnicalService.DAL.csproj", "{F5BC002D-30F6-4C93-A32D-E0ED4C19E790}"
EndProject
Project("{FAE04EC0-301F-11D3-BF4B-00C04F79EFBC}") = "TechnicalService.BLL", "TechnicalService.BLL\TechnicalService.BLL.csproj", "{0B310B00-9DCF-4083-B4AE-51522B171615}"
EndProject
Project("{FAE04EC0-301F-11D3-BF4B-00C04F79EFBC}") = "TechnicalService.Entity", "TechnicalService.Entity\TechnicalService.Entity.csproj", "{AAE1B3B4-575E-482E-98C0-D1F8FE197901}"
EndProject
Global
	GlobalSection(SolutionConfigurationPlatforms) = preSolution
		Debug|Any CPU = Debug|Any CPU
		Release|Any CPU = Release|Any CPU
	EndGlobalSection
	GlobalSection(ProjectConfigurationPlatforms) = postSolution
		{19F3262E-29BF-4A7B-AD16-E4CAA64408A0}.Debug|Any CPU.ActiveCfg = Debug|Any CPU
		{19F3262E-29BF-4A7B-AD16-E4CAA64408A0}.Debug|Any CPU.Build.0 = Debug|Any CPU
		{19F3262E-29BF-4A7B-AD16-E4CAA64408A0}.Release|Any CPU.ActiveCfg = Release|Any CPU
		{19F3262E-29BF-4A7B-AD16-E4CAA64408A0}.Release|Any CPU.Build.0 = Release|Any CPU
		{F5BC002D-30F6-4C93-A32D-E0ED4C19E790}.Debug|Any CPU.ActiveCfg = Debug|Any CPU
		{F5BC002D-30F6-4C93-A32D-E0ED4C19E790}.Debug|Any CPU.Build.0 = Debug|Any CPU
		{F5BC002D-30F6-4C93-A32D-E0ED4C19E790}.Release|Any CPU.ActiveCfg = Release|Any CPU
		{F5BC002D-30F6-4C93-A32D-E0ED4C19E790}.Release|Any CPU.Build.0 = Release|Any CPU
		{0B310B00-9DCF-4083-B4AE-51522B171615}.Debug|Any CPU.ActiveCfg = Debug|Any CPU
		{0B310B00-9DCF-4083-B4AE-51522B171615}.Debug|Any CPU.Build.0 = Debug|Any CPU
		{0B310B00-9DCF-4083-B4AE-51522B171615}.Release|Any CPU.ActiveCfg = Release|Any CPU
		{0B310B00-9DCF-4083-B4AE-51522B171615}.Release|Any CPU.Build.0 = Release|Any CPU
		{AAE1B3B4-575E-482E-98C0-D1F8FE197901}.Debug|Any CPU.ActiveCfg = Debug|Any CPU
		{AAE1B3B4-575E-482E-98C0-D1F8FE197901}.Debug|Any CPU.Build.0 = Debug|Any CPU
		{AAE1B3B4-575E-482E-98C0-D1F8FE197901}.Release|Any CPU.ActiveCfg = Release|Any CPU
		{AAE1B3B4-575E-482E-98C0-D1F8FE197901}.Release|Any CPU.Build.0 = Release|Any CPU
	EndGlobalSection
	GlobalSection(SolutionProperties) = preSolution
		HideSolutionNode = FALSE
	EndGlobalSection
	GlobalSection(ExtensibilityGlobals) = postSolution
		SolutionGuid = {D5487CC8-5B69-4486-926C-781163139345}
	EndGlobalSection
EndGlobal
